
Microsoft Visual Studio Solution File, Format Version 12.00
# Visual Studio Version 16
VisualStudioVersion = 16.0.31624.102
MinimumVisualStudioVersion = 10.0.40219.1
Project("{FAE04EC0-301F-11D3-BF4B-00C04F79EFBC}") = "SapunovProjectDB", "SapunovProjectDB\SapunovProjectDB.csproj", "{691BEE7B-53A0-4127-AE2C-D80F73981EA9}"
EndProject
Project("{2150E333-8FDC-42A3-9474-1A3956D46DE8}") = "Solution Items", "Solution Items", "{5CAF5031-B02E-48A5-887A-E04C6F979C9F}"
	ProjectSection(SolutionItems) = preProject
		..\..\..\Desktop\DBScript.sql = ..\..\..\Desktop\DBScript.sql
	EndProjectSection
EndProject
Global
	GlobalSection(SolutionConfigurationPlatforms) = preSolution
		Debug|Any CPU = Debug|Any CPU
		Release|Any CPU = Release|Any CPU
	EndGlobalSection
	GlobalSection(ProjectConfigurationPlatforms) = postSolution
		{691BEE7B-53A0-4127-AE2C-D80F73981EA9}.Debug|Any CPU.ActiveCfg = Debug|Any CPU
		{691BEE7B-53A0-4127-AE2C-D80F73981EA9}.Debug|Any CPU.Build.0 = Debug|Any CPU
		{691BEE7B-53A0-4127-AE2C-D80F73981EA9}.Release|Any CPU.ActiveCfg = Release|Any CPU
		{691BEE7B-53A0-4127-AE2C-D80F73981EA9}.Release|Any CPU.Build.0 = Release|Any CPU
	EndGlobalSection
	GlobalSection(SolutionProperties) = preSolution
		HideSolutionNode = FALSE
	EndGlobalSection
	GlobalSection(ExtensibilityGlobals) = postSolution
		SolutionGuid = {927EB944-DDA3-4528-9CCC-092FC5957CBC}
	EndGlobalSection
EndGlobal
